
Microsoft Visual Studio Solution File, Format Version 12.00
# Visual Studio Version 17
VisualStudioVersion = 17.14.36327.8 d17.14
MinimumVisualStudioVersion = 10.0.40219.1
Project("{FAE04EC0-301F-11D3-BF4B-00C04F79EFBC}") = "DAL", "DAL\DAL.csproj", "{00DD9082-7DC7-49BB-8DD7-7338B19B8538}"
EndProject
Project("{FAE04EC0-301F-11D3-BF4B-00C04F79EFBC}") = "BLL", "BLL\BLL.csproj", "{9C35A6DE-EF4E-461A-BB07-FFD2FD965FDE}"
EndProject
Project("{FAE04EC0-301F-11D3-BF4B-00C04F79EFBC}") = "PBMS", "PBMS\PBMS.csproj", "{20A88167-94BC-4097-AB13-8974BD74D0B9}"
EndProject
Global
	GlobalSection(SolutionConfigurationPlatforms) = preSolution
		Debug|Any CPU = Debug|Any CPU
		Release|Any CPU = Release|Any CPU
	EndGlobalSection
	GlobalSection(ProjectConfigurationPlatforms) = postSolution
		{00DD9082-7DC7-49BB-8DD7-7338B19B8538}.Debug|Any CPU.ActiveCfg = Debug|Any CPU
		{00DD9082-7DC7-49BB-8DD7-7338B19B8538}.Debug|Any CPU.Build.0 = Debug|Any CPU
		{00DD9082-7DC7-49BB-8DD7-7338B19B8538}.Release|Any CPU.ActiveCfg = Release|Any CPU
		{00DD9082-7DC7-49BB-8DD7-7338B19B8538}.Release|Any CPU.Build.0 = Release|Any CPU
		{9C35A6DE-EF4E-461A-BB07-FFD2FD965FDE}.Debug|Any CPU.ActiveCfg = Debug|Any CPU
		{9C35A6DE-EF4E-461A-BB07-FFD2FD965FDE}.Debug|Any CPU.Build.0 = Debug|Any CPU
		{9C35A6DE-EF4E-461A-BB07-FFD2FD965FDE}.Release|Any CPU.ActiveCfg = Release|Any CPU
		{9C35A6DE-EF4E-461A-BB07-FFD2FD965FDE}.Release|Any CPU.Build.0 = Release|Any CPU
		{20A88167-94BC-4097-AB13-8974BD74D0B9}.Debug|Any CPU.ActiveCfg = Debug|Any CPU
		{20A88167-94BC-4097-AB13-8974BD74D0B9}.Debug|Any CPU.Build.0 = Debug|Any CPU
		{20A88167-94BC-4097-AB13-8974BD74D0B9}.Release|Any CPU.ActiveCfg = Release|Any CPU
		{20A88167-94BC-4097-AB13-8974BD74D0B9}.Release|Any CPU.Build.0 = Release|Any CPU
	EndGlobalSection
	GlobalSection(SolutionProperties) = preSolution
		HideSolutionNode = FALSE
	EndGlobalSection
	GlobalSection(ExtensibilityGlobals) = postSolution
		SolutionGuid = {1ED3F1FE-9ABC-4541-AD8D-259B81002518}
	EndGlobalSection
EndGlobal
